PODS:
  - Chinook (0.1.0):
    - XMLCoder (~> 0.9.0)
  - XMLCoder (0.9.0)

DEPENDENCIES:
  - Chinook (from `../`)

SPEC REPOS:
  trunk:
    - XMLCoder

EXTERNAL SOURCES:
  Chinook:
    :path: "../"

SPEC CHECKSUMS:
  Chinook: 978f45c14163867e5711de6c0e439cb17af5c5c1
  XMLCoder: f812facc69ac5fb5f4af9f970a9154ad0b614014

PODFILE CHECKSUM: a3aaae56b9e8e549df4bb95940c2662e38f05d25

COCOAPODS: 1.8.4
